// !$*UTF8*$!
{
	archiveVersion = 1;
	classes = {
	};
	objectVersion = 50;
	objects = {

/* Begin PBXBuildFile section */
		9335C27A22A2C55C008FA526 /* AppDelegate.swift in Sources */ = {isa = PBXBuildFile; fileRef = 9335C27922A2C55C008FA526 /* AppDelegate.swift */; };
		9335C27C22A2C55C008FA526 /* ViewController.swift in Sources */ = {isa = PBXBuildFile; fileRef = 9335C27B22A2C55C008FA526 /* ViewController.swift */; };
		9335C27F22A2C55C008FA526 /* Main.storyboard in Resources */ = {isa = PBXBuildFile; fileRef = 9335C27D22A2C55C008FA526 /* Main.storyboard */; };
		9335C28122A2C55E008FA526 /* Assets.xcassets in Resources */ = {isa = PBXBuildFile; fileRef = 9335C28022A2C55E008FA526 /* Assets.xcassets */; };
		9335C28422A2C55E008FA526 /* LaunchScreen.storyboard in Resources */ = {isa = PBXBuildFile; fileRef = 9335C28222A2C55E008FA526 /* LaunchScreen.storyboard */; };
		9335C28F22A2C55E008FA526 /* NewAppTests.swift in Sources */ = {isa = PBXBuildFile; fileRef = 9335C28E22A2C55E008FA526 /* NewAppTests.swift */; };
		9335C29A22A2C55E008FA526 /* NewAppUITests.swift in Sources */ = {isa = PBXBuildFile; fileRef = 9335C29922A2C55E008FA526 /* NewAppUITests.swift */; };
/* End PBXBuildFile section */

/* Begin PBXContainerItemProxy section */
		9335C28B22A2C55E008FA526 /* PBXContainerItemProxy */ = {
			isa = PBXContainerItemProxy;
			containerPortal = 9335C26E22A2C55C008FA526 /* Project object */;
			proxyType = 1;
			remoteGlobalIDString = 9335C27522A2C55C008FA526;
			remoteInfo = NewApp;
		};
		9335C29622A2C55E008FA526 /* PBXContainerItemProxy */ = {
			isa = PBXContainerItemProxy;
			containerPortal = 9335C26E22A2C55C008FA526 /* Project object */;
			proxyType = 1;
			remoteGlobalIDString = 9335C27522A2C55C008FA526;
			remoteInfo = NewApp;
		};
/* End PBXContainerItemProxy section */

/* Begin PBXFileReference section */
		9335C27622A2C55C008FA526 /* NewApp.app */ = {isa = PBXFileReference; explicitFileType = wrapper.application; includeInIndex = 0; path = NewApp.app; sourceTree = BUILT_PRODUCTS_DIR; };
		9335C27922A2C55C008FA526 /* AppDelegate.swift */ = {isa = PBXFileReference; lastKnownFileType = sourcecode.swift; path = AppDelegate.swift; sourceTree = "<group>"; };
		9335C27B22A2C55C008FA526 /* ViewController.swift */ = {isa = PBXFileReference; lastKnownFileType = sourcecode.swift; path = ViewController.swift; sourceTree = "<group>"; };
		9335C27E22A2C55C008FA526 /* Base */ = {isa = PBXFileReference; lastKnownFileType = file.storyboard; name = Base; path = Base.lproj/Main.storyboard; sourceTree = "<group>"; };
		9335C28022A2C55E008FA526 /* Assets.xcassets */ = {isa = PBXFileReference; lastKnownFileType = folder.assetcatalog; path = Assets.xcassets; sourceTree = "<group>"; };
		9335C28322A2C55E008FA526 /* Base */ = {isa = PBXFileReference; lastKnownFileType = file.storyboard; name = Base; path = Base.lproj/LaunchScreen.storyboard; sourceTree = "<group>"; };
		9335C28522A2C55E008FA526 /* Info.plist */ = {isa = PBXFileReference; lastKnownFileType = text.plist.xml; path = Info.plist; sourceTree = "<group>"; };
		9335C28A22A2C55E008FA526 /* NewAppTests.xctest */ = {isa = PBXFileReference; explicitFileType = wrapper.cfbundle; includeInIndex = 0; path = NewAppTests.xctest; sourceTree = BUILT_PRODUCTS_DIR; };
		9335C28E22A2C55E008FA526 /* NewAppTests.swift */ = {isa = PBXFileReference; lastKnownFileType = sourcecode.swift; path = NewAppTests.swift; sourceTree = "<group>"; };
		9335C29022A2C55E008FA526 /* Info.plist */ = {isa = PBXFileReference; lastKnownFileType = text.plist.xml; path = Info.plist; sourceTree = "<group>"; };
		9335C29522A2C55E008FA526 /* NewAppUITests.xctest */ = {isa = PBXFileReference; explicitFileType = wrapper.cfbundle; includeInIndex = 0; path = NewAppUITests.xctest; sourceTree = BUILT_PRODUCTS_DIR; };
		9335C29922A2C55E008FA526 /* NewAppUITests.swift */ = {isa = PBXFileReference; lastKnownFileType = sourcecode.swift; path = NewAppUITests.swift; sourceTree = "<group>"; };
		9335C29B22A2C55E008FA526 /* Info.plist */ = {isa = PBXFileReference; lastKnownFileType = text.plist.xml; path = Info.plist; sourceTree = "<group>"; };
/* End PBXFileReference section */

/* Begin PBXFrameworksBuildPhase section */
		9335C27322A2C55C008FA526 /* Frameworks */ = {
			isa = PBXFrameworksBuildPhase;
			buildActionMask = 2147483647;
			files = (
			);
			runOnlyForDeploymentPostprocessing = 0;
		};
		9335C28722A2C55E008FA526 /* Frameworks */ = {
			isa = PBXFrameworksBuildPhase;
			buildActionMask = 2147483647;
			files = (
			);
			runOnlyForDeploymentPostprocessing = 0;
		};
		9335C29222A2C55E008FA526 /* Frameworks */ = {
			isa = PBXFrameworksBuildPhase;
			buildActionMask = 2147483647;
			files = (
			);
			runOnlyForDeploymentPostprocessing = 0;
		};
/* End PBXFrameworksBuildPhase section */

/* Begin PBXGroup section */
		9335C26D22A2C55C008FA526 = {
			isa = PBXGroup;
			children = (
				9335C27822A2C55C008FA526 /* NewApp */,
				9335C28D22A2C55E008FA526 /* NewAppTests */,
				9335C29822A2C55E008FA526 /* NewAppUITests */,
				9335C27722A2C55C008FA526 /* Products */,
			);
			sourceTree = "<group>";
		};
		9335C27722A2C55C008FA526 /* Products */ = {
			isa = PBXGroup;
			children = (
				9335C27622A2C55C008FA526 /* NewApp.app */,
				9335C28A22A2C55E008FA526 /* NewAppTests.xctest */,
				9335C29522A2C55E008FA526 /* NewAppUITests.xctest */,
			);
			name = Products;
			sourceTree = "<group>";
		};
		9335C27822A2C55C008FA526 /* NewApp */ = {
			isa = PBXGroup;
			children = (
				9335C27922A2C55C008FA526 /* AppDelegate.swift */,
				9335C27B22A2C55C008FA526 /* ViewController.swift */,
				9335C27D22A2C55C008FA526 /* Main.storyboard */,
				9335C28022A2C55E008FA526 /* Assets.xcassets */,
				9335C28222A2C55E008FA526 /* LaunchScreen.storyboard */,
				9335C28522A2C55E008FA526 /* Info.plist */,
			);
			path = NewApp;
			sourceTree = "<group>";
		};
		9335C28D22A2C55E008FA526 /* NewAppTests */ = {
			isa = PBXGroup;
			children = (
				9335C28E22A2C55E008FA526 /* NewAppTests.swift */,
				9335C29022A2C55E008FA526 /* Info.plist */,
			);
			path = NewAppTests;
			sourceTree = "<group>";
		};
		9335C29822A2C55E008FA526 /* NewAppUITests */ = {
			isa = PBXGroup;
			children = (
				9335C29922A2C55E008FA526 /* NewAppUITests.swift */,
				9335C29B22A2C55E008FA526 /* Info.plist */,
			);
			path = NewAppUITests;
			sourceTree = "<group>";
		};
/* End PBXGroup section */

/* Begin PBXNativeTarget section */
		9335C27522A2C55C008FA526 /* NewApp */ = {
			isa = PBXNativeTarget;
			buildConfigurationList = 9335C29E22A2C55E008FA526 /* Build configuration list for PBXNativeTarget "NewApp" */;
			buildPhases = (
				9335C27222A2C55C008FA526 /* Sources */,
				9335C27322A2C55C008FA526 /* Frameworks */,
				9335C27422A2C55C008FA526 /* Resources */,
			);
			buildRules = (
			);
			dependencies = (
			);
			name = NewApp;
			productName = NewApp;
			productReference = 9335C27622A2C55C008FA526 /* NewApp.app */;
			productType = "com.apple.product-type.application";
		};
		9335C28922A2C55E008FA526 /* NewAppTests */ = {
			isa = PBXNativeTarget;
			buildConfigurationList = 9335C2A122A2C55E008FA526 /* Build configuration list for PBXNativeTarget "NewAppTests" */;
			buildPhases = (
				9335C28622A2C55E008FA526 /* Sources */,
				9335C28722A2C55E008FA526 /* Frameworks */,
				9335C28822A2C55E008FA526 /* Resources */,
			);
			buildRules = (
			);
			dependencies = (
				9335C28C22A2C55E008FA526 /* PBXTargetDependency */,
			);
			name = NewAppTests;
			productName = NewAppTests;
			productReference = 9335C28A22A2C55E008FA526 /* NewAppTests.xctest */;
			productType = "com.apple.product-type.bundle.unit-test";
		};
		9335C29422A2C55E008FA526 /* NewAppUITests */ = {
			isa = PBXNativeTarget;
			buildConfigurationList = 9335C2A422A2C55E008FA526 /* Build configuration list for PBXNativeTarget "NewAppUITests" */;
			buildPhases = (
				9335C29122A2C55E008FA526 /* Sources */,
				9335C29222A2C55E008FA526 /* Frameworks */,
				9335C29322A2C55E008FA526 /* Resources */,
			);
			buildRules = (
			);
			dependencies = (
				9335C29722A2C55E008FA526 /* PBXTargetDependency */,
			);
			name = NewAppUITests;
			productName = NewAppUITests;
			productReference = 9335C29522A2C55E008FA526 /* NewAppUITests.xctest */;
			productType = "com.apple.product-type.bundle.ui-testing";
		};
/* End PBXNativeTarget section */

/* Begin PBXProject section */
		9335C26E22A2C55C008FA526 /* Project object */ = {
			isa = PBXProject;
			attributes = {
				LastSwiftUpdateCheck = 1020;
				LastUpgradeCheck = 1020;
				ORGANIZATIONNAME = Periferia;
				TargetAttributes = {
					9335C27522A2C55C008FA526 = {
						CreatedOnToolsVersion = 10.2.1;
					};
					9335C28922A2C55E008FA526 = {
						CreatedOnToolsVersion = 10.2.1;
						TestTargetID = 9335C27522A2C55C008FA526;
					};
					9335C29422A2C55E008FA526 = {
						CreatedOnToolsVersion = 10.2.1;
						TestTargetID = 9335C27522A2C55C008FA526;
					};
				};
			};
			buildConfigurationList = 9335C27122A2C55C008FA526 /* Build configuration list for PBXProject "NewApp" */;
			compatibilityVersion = "Xcode 9.3";
			developmentRegion = en;
			hasScannedForEncodings = 0;
			knownRegions = (
				en,
				Base,
			);
			mainGroup = 9335C26D22A2C55C008FA526;
			productRefGroup = 9335C27722A2C55C008FA526 /* Products */;
			projectDirPath = "";
			projectRoot = "";
			targets = (
				9335C27522A2C55C008FA526 /* NewApp */,
				9335C28922A2C55E008FA526 /* NewAppTests */,
				9335C29422A2C55E008FA526 /* NewAppUITests */,
			);
		};
/* End PBXProject section */

/* Begin PBXResourcesBuildPhase section */
		9335C27422A2C55C008FA526 /* Resources */ = {
			isa = PBXResourcesBuildPhase;
			buildActionMask = 2147483647;
			files = (
				9335C28422A2C55E008FA526 /* LaunchScreen.storyboard in Resources */,
				9335C28122A2C55E008FA526 /* Assets.xcassets in Resources */,
				9335C27F22A2C55C008FA526 /* Main.storyboard in Resources */,
			);
			runOnlyForDeploymentPostprocessing = 0;
		};
		9335C28822A2C55E008FA526 /* Resources */ = {
			isa = PBXResourcesBuildPhase;
			buildActionMask = 2147483647;
			files = (
			);
			runOnlyForDeploymentPostprocessing = 0;
		};
		9335C29322A2C55E008FA526 /* Resources */ = {
			isa = PBXResourcesBuildPhase;
			buildActionMask = 2147483647;
			files = (
			);
			runOnlyForDeploymentPostprocessing = 0;
		};
/* End PBXResourcesBuildPhase section */

/* Begin PBXSourcesBuildPhase section */
		9335C27222A2C55C008FA526 /* Sources */ = {
			isa = PBXSourcesBuildPhase;
			buildActionMask = 2147483647;
			files = (
				9335C27C22A2C55C008FA526 /* ViewController.swift in Sources */,
				9335C27A22A2C55C008FA526 /* AppDelegate.swift in Sources */,
			);
			runOnlyForDeploymentPostprocessing = 0;
		};
		9335C28622A2C55E008FA526 /* Sources */ = {
			isa = PBXSourcesBuildPhase;
			buildActionMask = 2147483647;
			files = (
				9335C28F22A2C55E008FA526 /* NewAppTests.swift in Sources */,
			);
			runOnlyForDeploymentPostprocessing = 0;
		};
		9335C29122A2C55E008FA526 /* Sources */ = {
			isa = PBXSourcesBuildPhase;
			buildActionMask = 2147483647;
			files = (
				9335C29A22A2C55E008FA526 /* NewAppUITests.swift in Sources */,
			);
			runOnlyForDeploymentPostprocessing = 0;
		};
/* End PBXSourcesBuildPhase section */

/* Begin PBXTargetDependency section */
		9335C28C22A2C55E008FA526 /* PBXTargetDependency */ = {
			isa = PBXTargetDependency;
			target = 9335C27522A2C55C008FA526 /* NewApp */;
			targetProxy = 9335C28B22A2C55E008FA526 /* PBXContainerItemProxy */;
		};
		9335C29722A2C55E008FA526 /* PBXTargetDependency */ = {
			isa = PBXTargetDependency;
			target = 9335C27522A2C55C008FA526 /* NewApp */;
			targetProxy = 9335C29622A2C55E008FA526 /* PBXContainerItemProxy */;
		};
/* End PBXTargetDependency section */

/* Begin PBXVariantGroup section */
		9335C27D22A2C55C008FA526 /* Main.storyboard */ = {
			isa = PBXVariantGroup;
			children = (
				9335C27E22A2C55C008FA526 /* Base */,
			);
			name = Main.storyboard;
			sourceTree = "<group>";
		};
		9335C28222A2C55E008FA526 /* LaunchScreen.storyboard */ = {
			isa = PBXVariantGroup;
			children = (
				9335C28322A2C55E008FA526 /* Base */,
			);
			name = LaunchScreen.storyboard;
			sourceTree = "<group>";
		};
/* End PBXVariantGroup section */

/* Begin XCBuildConfiguration section */
		9335C29C22A2C55E008FA526 /* Debug */ = {
			isa = XCBuildConfiguration;
			buildSettings = {
				ALWAYS_SEARCH_USER_PATHS = NO;
				CLANG_ANALYZER_NONNULL = YES;
				CLANG_ANALYZER_NUMBER_OBJECT_CONVERSION = YES_AGGRESSIVE;
				CLANG_CXX_LANGUAGE_STANDARD = "gnu++14";
				CLANG_CXX_LIBRARY = "libc++";
				CLANG_ENABLE_MODULES = YES;
				CLANG_ENABLE_OBJC_ARC = YES;
				CLANG_ENABLE_OBJC_WEAK = YES;
				CLANG_WARN_BLOCK_CAPTURE_AUTORELEASING = YES;
				CLANG_WARN_BOOL_CONVERSION = YES;
				CLANG_WARN_COMMA = YES;
				CLANG_WARN_CONSTANT_CONVERSION = YES;
				CLANG_WARN_DEPRECATED_OBJC_IMPLEMENTATIONS = YES;
				CLANG_WARN_DIRECT_OBJC_ISA_USAGE = YES_ERROR;
				CLANG_WARN_DOCUMENTATION_COMMENTS = YES;
				CLANG_WARN_EMPTY_BODY = YES;
				CLANG_WARN_ENUM_CONVERSION = YES;
				CLANG_WARN_INFINITE_RECURSION = YES;
				CLANG_WARN_INT_CONVERSION = YES;
				CLANG_WARN_NON_LITERAL_NULL_CONVERSION = YES;
				CLANG_WARN_OBJC_IMPLICIT_RETAIN_SELF = YES;
				CLANG_WARN_OBJC_LITERAL_CONVERSION = YES;
				CLANG_WARN_OBJC_ROOT_CLASS = YES_ERROR;
				CLANG_WARN_RANGE_LOOP_ANALYSIS = YES;
				CLANG_WARN_STRICT_PROTOTYPES = YES;
				CLANG_WARN_SUSPICIOUS_MOVE = YES;
				CLANG_WARN_UNGUARDED_AVAILABILITY = YES_AGGRESSIVE;
				CLANG_WARN_UNREACHABLE_CODE = YES;
				CLANG_WARN__DUPLICATE_METHOD_MATCH = YES;
				CODE_SIGN_IDENTITY = "iPhone Developer";
				"CODE_SIGN_IDENTITY[sdk=*]" = "iPhone Developer";
				COPY_PHASE_STRIP = NO;
				DEBUG_INFORMATION_FORMAT = dwarf;
				ENABLE_STRICT_OBJC_MSGSEND = YES;
				ENABLE_TESTABILITY = YES;
				GCC_C_LANGUAGE_STANDARD = gnu11;
				GCC_DYNAMIC_NO_PIC = NO;
				GCC_NO_COMMON_BLOCKS = YES;
				GCC_OPTIMIZATION_LEVEL = 0;
				GCC_PREPROCESSOR_DEFINITIONS = (
					"DEBUG=1",
					"$(inherited)",
				);
				GCC_WARN_64_TO_32_BIT_CONVERSION = YES;
				GCC_WARN_ABOUT_RETURN_TYPE = YES_ERROR;
				GCC_WARN_UNDECLARED_SELECTOR = YES;
				GCC_WARN_UNINITIALIZED_AUTOS = YES_AGGRESSIVE;
				GCC_WARN_UNUSED_FUNCTION = YES;
				GCC_WARN_UNUSED_VARIABLE = YES;
				IPHONEOS_DEPLOYMENT_TARGET = 12.2;
				MTL_ENABLE_DEBUG_INFO = INCLUDE_SOURCE;
				MTL_FAST_MATH = YES;
				ONLY_ACTIVE_ARCH = YES;
				SDKROOT = iphoneos;
				SWIFT_ACTIVE_COMPILATION_CONDITIONS = DEBUG;
				SWIFT_OPTIMIZATION_LEVEL = "-Onone";
			};
			name = Debug;
		};
		9335C29D22A2C55E008FA526 /* Release */ = {
			isa = XCBuildConfiguration;
			buildSettings = {
				ALWAYS_SEARCH_USER_PATHS = NO;
				CLANG_ANALYZER_NONNULL = YES;
				CLANG_ANALYZER_NUMBER_OBJECT_CONVERSION = YES_AGGRESSIVE;
				CLANG_CXX_LANGUAGE_STANDARD = "gnu++14";
				CLANG_CXX_LIBRARY = "libc++";
				CLANG_ENABLE_MODULES = YES;
				CLANG_ENABLE_OBJC_ARC = YES;
				CLANG_ENABLE_OBJC_WEAK = YES;
				CLANG_WARN_BLOCK_CAPTURE_AUTORELEASING = YES;
				CLANG_WARN_BOOL_CONVERSION = YES;
				CLANG_WARN_COMMA = YES;
				CLANG_WARN_CONSTANT_CONVERSION = YES;
				CLANG_WARN_DEPRECATED_OBJC_IMPLEMENTATIONS = YES;
				CLANG_WARN_DIRECT_OBJC_ISA_USAGE = YES_ERROR;
				CLANG_WARN_DOCUMENTATION_COMMENTS = YES;
				CLANG_WARN_EMPTY_BODY = YES;
				CLANG_WARN_ENUM_CONVERSION = YES;
				CLANG_WARN_INFINITE_RECURSION = YES;
				CLANG_WARN_INT_CONVERSION = YES;
				CLANG_WARN_NON_LITERAL_NULL_CONVERSION = YES;
				CLANG_WARN_OBJC_IMPLICIT_RETAIN_SELF = YES;
				CLANG_WARN_OBJC_LITERAL_CONVERSION = YES;
				CLANG_WARN_OBJC_ROOT_CLASS = YES_ERROR;
				CLANG_WARN_RANGE_LOOP_ANALYSIS = YES;
				CLANG_WARN_STRICT_PROTOTYPES = YES;
				CLANG_WARN_SUSPICIOUS_MOVE = YES;
				CLANG_WARN_UNGUARDED_AVAILABILITY = YES_AGGRESSIVE;
				CLANG_WARN_UNREACHABLE_CODE = YES;
				CLANG_WARN__DUPLICATE_METHOD_MATCH = YES;
				CODE_SIGN_IDENTITY = "iPhone Developer";
				COPY_PHASE_STRIP = NO;
				DEBUG_INFORMATION_FORMAT = "dwarf-with-dsym";
				ENABLE_NS_ASSERTIONS = NO;
				ENABLE_STRICT_OBJC_MSGSEND = YES;
				GCC_C_LANGUAGE_STANDARD = gnu11;
				GCC_NO_COMMON_BLOCKS = YES;
				"GCC_OPTIMIZATION_LEVEL[arch=*]" = s;
				GCC_WARN_64_TO_32_BIT_CONVERSION = YES;
				GCC_WARN_ABOUT_RETURN_TYPE = YES_ERROR;
				GCC_WARN_UNDECLARED_SELECTOR = YES;
				GCC_WARN_UNINITIALIZED_AUTOS = YES_AGGRESSIVE;
				GCC_WARN_UNUSED_FUNCTION = YES;
				GCC_WARN_UNUSED_VARIABLE = YES;
				IPHONEOS_DEPLOYMENT_TARGET = 12.2;
				MTL_ENABLE_DEBUG_INFO = NO;
				MTL_FAST_MATH = YES;
				SDKROOT = iphoneos;
				SWIFT_COMPILATION_MODE = wholemodule;
				SWIFT_OPTIMIZATION_LEVEL = "-O";
				VALIDATE_PRODUCT = YES;
			};
			name = Release;
		};
		9335C29F22A2C55E008FA526 /* Debug */ = {
			isa = XCBuildConfiguration;
			buildSettings = {
				ASSETCATALOG_COMPILER_APPICON_NAME = AppIcon;
				CODE_SIGN_STYLE = Automatic;
				DEVELOPMENT_TEAM = 79D954XCQR;
				INFOPLIST_FILE = NewApp/Info.plist;
				LD_RUNPATH_SEARCH_PATHS = (
					"$(inherited)",
					"@executable_path/Frameworks",
				);
				PRODUCT_BUNDLE_IDENTIFIER = com.Periferia.NewApp;
				PRODUCT_NAME = "$(TARGET_NAME)";
				SWIFT_VERSION = 5.0;
				TARGETED_DEVICE_FAMILY = "1,2";
			};
			name = Debug;
		};
		9335C2A022A2C55E008FA526 /* Release */ = {
			isa = XCBuildConfiguration;
			buildSettings = {
				ASSETCATALOG_COMPILER_APPICON_NAME = AppIcon;
				CODE_SIGN_STYLE = Automatic;
				DEVELOPMENT_TEAM = 79D954XCQR;
				INFOPLIST_FILE = NewApp/Info.plist;
				LD_RUNPATH_SEARCH_PATHS = (
					"$(inherited)",
					"@executable_path/Frameworks",
				);
				PRODUCT_BUNDLE_IDENTIFIER = com.Periferia.NewApp;
				PRODUCT_NAME = "$(TARGET_NAME)";
				SWIFT_VERSION = 5.0;
				TARGETED_DEVICE_FAMILY = "1,2";
			};
			name = Release;
		};
		9335C2A222A2C55E008FA526 /* Debug */ = {
			isa = XCBuildConfiguration;
			buildSettings = {
				ALWAYS_EMBED_SWIFT_STANDARD_LIBRARIES = YES;
				BUNDLE_LOADER = "$(TEST_HOST)";
				CODE_SIGN_STYLE = Automatic;
				INFOPLIST_FILE = NewAppTests/Info.plist;
				LD_RUNPATH_SEARCH_PATHS = (
					"$(inherited)",
					"@executable_path/Frameworks",
					"@loader_path/Frameworks",
				);
				PRODUCT_BUNDLE_IDENTIFIER = com.Periferia.NewApp.NewAppTests;
				PRODUCT_NAME = "$(TARGET_NAME)";
				SWIFT_VERSION = 5.0;
				TARGETED_DEVICE_FAMILY = "1,2";
				TEST_HOST = "$(BUILT_PRODUCTS_DIR)/NewApp.app/NewApp";
			};
			name = Debug;
		};
		9335C2A322A2C55E008FA526 /* Release */ = {
			isa = XCBuildConfiguration;
			buildSettings = {
				ALWAYS_EMBED_SWIFT_STANDARD_LIBRARIES = YES;
				BUNDLE_LOADER = "$(TEST_HOST)";
				CODE_SIGN_STYLE = Automatic;
				INFOPLIST_FILE = NewAppTests/Info.plist;
				LD_RUNPATH_SEARCH_PATHS = (
					"$(inherited)",
					"@executable_path/Frameworks",
					"@loader_path/Frameworks",
				);
				PRODUCT_BUNDLE_IDENTIFIER = com.Periferia.NewApp.NewAppTests;
				PRODUCT_NAME = "$(TARGET_NAME)";
				SWIFT_VERSION = 5.0;
				TARGETED_DEVICE_FAMILY = "1,2";
				TEST_HOST = "$(BUILT_PRODUCTS_DIR)/NewApp.app/NewApp";
			};
			name = Release;
		};
		9335C2A522A2C55E008FA526 /* Debug */ = {
			isa = XCBuildConfiguration;
			buildSettings = {
				ALWAYS_EMBED_SWIFT_STANDARD_LIBRARIES = YES;
				CODE_SIGN_STYLE = Automatic;
				INFOPLIST_FILE = NewAppUITests/Info.plist;
				LD_RUNPATH_SEARCH_PATHS = (
					"$(inherited)",
					"@executable_path/Frameworks",
					"@loader_path/Frameworks",
				);
				PRODUCT_BUNDLE_IDENTIFIER = com.Periferia.NewApp.NewAppUITests;
				PRODUCT_NAME = "$(TARGET_NAME)";
				SWIFT_VERSION = 5.0;
				TARGETED_DEVICE_FAMILY = "1,2";
				TEST_TARGET_NAME = NewApp;
			};
			name = Debug;
		};
		9335C2A622A2C55E008FA526 /* Release */ = {
			isa = XCBuildConfiguration;
			buildSettings = {
				ALWAYS_EMBED_SWIFT_STANDARD_LIBRARIES = YES;
				CODE_SIGN_STYLE = Automatic;
				INFOPLIST_FILE = NewAppUITests/Info.plist;
				LD_RUNPATH_SEARCH_PATHS = (
					"$(inherited)",
					"@executable_path/Frameworks",
					"@loader_path/Frameworks",
				);
				PRODUCT_BUNDLE_IDENTIFIER = com.Periferia.NewApp.NewAppUITests;
				PRODUCT_NAME = "$(TARGET_NAME)";
				SWIFT_VERSION = 5.0;
				TARGETED_DEVICE_FAMILY = "1,2";
				TEST_TARGET_NAME = NewApp;
			};
			name = Release;
		};
/* End XCBuildConfiguration section */

/* Begin XCConfigurationList section */
		9335C27122A2C55C008FA526 /* Build configuration list for PBXProject "NewApp" */ = {
			isa = XCConfigurationList;
			buildConfigurations = (
				9335C29C22A2C55E008FA526 /* Debug */,
				9335C29D22A2C55E008FA526 /* Release */,
			);
			defaultConfigurationIsVisible = 0;
			defaultConfigurationName = Debug;
		};
		9335C29E22A2C55E008FA526 /* Build configuration list for PBXNativeTarget "NewApp" */ = {
			isa = XCConfigurationList;
			buildConfigurations = (
				9335C29F22A2C55E008FA526 /* Debug */,
				9335C2A022A2C55E008FA526 /* Release */,
			);
			defaultConfigurationIsVisible = 0;
			defaultConfigurationName = Debug;
		};
		9335C2A122A2C55E008FA526 /* Build configuration list for PBXNativeTarget "NewAppTests" */ = {
			isa = XCConfigurationList;
			buildConfigurations = (
				9335C2A222A2C55E008FA526 /* Debug */,
				9335C2A322A2C55E008FA526 /* Release */,
			);
			defaultConfigurationIsVisible = 0;
			defaultConfigurationName = Debug;
		};
		9335C2A422A2C55E008FA526 /* Build configuration list for PBXNativeTarget "NewAppUITests" */ = {
			isa = XCConfigurationList;
			buildConfigurations = (
				9335C2A522A2C55E008FA526 /* Debug */,
				9335C2A622A2C55E008FA526 /* Release */,
			);
			defaultConfigurationIsVisible = 0;
			defaultConfigurationName = Debug;
		};
/* End XCConfigurationList section */
	};
	rootObject = 9335C26E22A2C55C008FA526 /* Project object */;
}
